
Microsoft Visual Studio Solution File, Format Version 12.00
# Visual Studio Version 17
VisualStudioVersion = 17.7.34031.279
MinimumVisualStudioVersion = 10.0.40219.1
Project("{9A19103F-16F7-4668-BE54-9A1E7A4F7556}") = "API", "API\API.csproj", "{9B5784FA-5674-4458-B53B-B6E443FB5545}"
EndProject
Project("{9A19103F-16F7-4668-BE54-9A1E7A4F7556}") = "Domain", "Domain\Domain.csproj", "{48F9B69B-AB05-4BAB-BA00-879BE3A69CC1}"
EndProject
Project("{9A19103F-16F7-4668-BE54-9A1E7A4F7556}") = "Application", "Application\Application.csproj", "{43600614-1693-45DA-ACCF-67F5DCA14089}"
EndProject
Project("{9A19103F-16F7-4668-BE54-9A1E7A4F7556}") = "Infrastructure", "Infrastructure\Infrastructure.csproj", "{16BB428E-82C0-4743-917B-8C48C9E7495B}"
EndProject
Project("{2150E333-8FDC-42A3-9474-1A3956D46DE8}") = "src", "src", "{F5FEE139-406C-4278-931B-B5F52A355C78}"
EndProject
Project("{2150E333-8FDC-42A3-9474-1A3956D46DE8}") = "tests", "tests", "{B91AD9BC-B57F-4378-82ED-E35C0915F57E}"
EndProject
Project("{FAE04EC0-301F-11D3-BF4B-00C04F79EFBC}") = "Presentation", "Presentation\Presentation.csproj", "{8AD985B0-0A49-4F72-B16B-7DA74942C4A6}"
EndProject
Global
	GlobalSection(SolutionConfigurationPlatforms) = preSolution
		Debug|Any CPU = Debug|Any CPU
		Release|Any CPU = Release|Any CPU
	EndGlobalSection
	GlobalSection(ProjectConfigurationPlatforms) = postSolution
		{9B5784FA-5674-4458-B53B-B6E443FB5545}.Debug|Any CPU.ActiveCfg = Debug|Any CPU
		{9B5784FA-5674-4458-B53B-B6E443FB5545}.Debug|Any CPU.Build.0 = Debug|Any CPU
		{9B5784FA-5674-4458-B53B-B6E443FB5545}.Release|Any CPU.ActiveCfg = Release|Any CPU
		{9B5784FA-5674-4458-B53B-B6E443FB5545}.Release|Any CPU.Build.0 = Release|Any CPU
		{48F9B69B-AB05-4BAB-BA00-879BE3A69CC1}.Debug|Any CPU.ActiveCfg = Debug|Any CPU
		{48F9B69B-AB05-4BAB-BA00-879BE3A69CC1}.Debug|Any CPU.Build.0 = Debug|Any CPU
		{48F9B69B-AB05-4BAB-BA00-879BE3A69CC1}.Release|Any CPU.ActiveCfg = Release|Any CPU
		{48F9B69B-AB05-4BAB-BA00-879BE3A69CC1}.Release|Any CPU.Build.0 = Release|Any CPU
		{43600614-1693-45DA-ACCF-67F5DCA14089}.Debug|Any CPU.ActiveCfg = Debug|Any CPU
		{43600614-1693-45DA-ACCF-67F5DCA14089}.Debug|Any CPU.Build.0 = Debug|Any CPU
		{43600614-1693-45DA-ACCF-67F5DCA14089}.Release|Any CPU.ActiveCfg = Release|Any CPU
		{43600614-1693-45DA-ACCF-67F5DCA14089}.Release|Any CPU.Build.0 = Release|Any CPU
		{16BB428E-82C0-4743-917B-8C48C9E7495B}.Debug|Any CPU.ActiveCfg = Debug|Any CPU
		{16BB428E-82C0-4743-917B-8C48C9E7495B}.Debug|Any CPU.Build.0 = Debug|Any CPU
		{16BB428E-82C0-4743-917B-8C48C9E7495B}.Release|Any CPU.ActiveCfg = Release|Any CPU
		{16BB428E-82C0-4743-917B-8C48C9E7495B}.Release|Any CPU.Build.0 = Release|Any CPU
		{8AD985B0-0A49-4F72-B16B-7DA74942C4A6}.Debug|Any CPU.ActiveCfg = Debug|Any CPU
		{8AD985B0-0A49-4F72-B16B-7DA74942C4A6}.Debug|Any CPU.Build.0 = Debug|Any CPU
		{8AD985B0-0A49-4F72-B16B-7DA74942C4A6}.Release|Any CPU.ActiveCfg = Release|Any CPU
		{8AD985B0-0A49-4F72-B16B-7DA74942C4A6}.Release|Any CPU.Build.0 = Release|Any CPU
	EndGlobalSection
	GlobalSection(SolutionProperties) = preSolution
		HideSolutionNode = FALSE
	EndGlobalSection
	GlobalSection(NestedProjects) = preSolution
		{9B5784FA-5674-4458-B53B-B6E443FB5545} = {F5FEE139-406C-4278-931B-B5F52A355C78}
		{48F9B69B-AB05-4BAB-BA00-879BE3A69CC1} = {F5FEE139-406C-4278-931B-B5F52A355C78}
		{43600614-1693-45DA-ACCF-67F5DCA14089} = {F5FEE139-406C-4278-931B-B5F52A355C78}
		{16BB428E-82C0-4743-917B-8C48C9E7495B} = {F5FEE139-406C-4278-931B-B5F52A355C78}
		{8AD985B0-0A49-4F72-B16B-7DA74942C4A6} = {F5FEE139-406C-4278-931B-B5F52A355C78}
	EndGlobalSection
	GlobalSection(ExtensibilityGlobals) = postSolution
		SolutionGuid = {889F64F3-571D-4CAD-ADD5-293B4157ACF6}
	EndGlobalSection
EndGlobal
